
Microsoft Visual Studio Solution File, Format Version 12.00
# Visual Studio 15
Project("{FAE04EC0-301F-11D3-BF4B-00C04F79EFBC}") = "Assembly-CSharp", "Assembly-CSharp.csproj", "{ED972581-49B1-D0DA-126B-D0D875C16DA3}"
EndProject
Project("{FAE04EC0-301F-11D3-BF4B-00C04F79EFBC}") = "Assembly-CSharp-firstpass", "Assembly-CSharp-firstpass.csproj", "{B07F1647-CD67-98BB-D6B5-AD32E89242A7}"
EndProject
Project("{FAE04EC0-301F-11D3-BF4B-00C04F79EFBC}") = "Assembly-CSharp-Editor", "Assembly-CSharp-Editor.csproj", "{69738C7A-24A7-AE17-2E9B-D3F96FFF44A1}"
EndProject
Project("{FAE04EC0-301F-11D3-BF4B-00C04F79EFBC}") = "Assembly-CSharp-Editor-firstpass", "Assembly-CSharp-Editor-firstpass.csproj", "{8C11C069-B4BD-930C-09ED-933F35A17BEC}"
EndProject
Global
	GlobalSection(SolutionConfigurationPlatforms) = preSolution
		Debug|Any CPU = Debug|Any CPU
		Release|Any CPU = Release|Any CPU
	EndGlobalSection
	GlobalSection(ProjectConfigurationPlatforms) = postSolution
		{ED972581-49B1-D0DA-126B-D0D875C16DA3}.Debug|Any CPU.ActiveCfg = Debug|Any CPU
		{ED972581-49B1-D0DA-126B-D0D875C16DA3}.Debug|Any CPU.Build.0 = Debug|Any CPU
		{ED972581-49B1-D0DA-126B-D0D875C16DA3}.Release|Any CPU.ActiveCfg = Release|Any CPU
		{ED972581-49B1-D0DA-126B-D0D875C16DA3}.Release|Any CPU.Build.0 = Release|Any CPU
		{B07F1647-CD67-98BB-D6B5-AD32E89242A7}.Debug|Any CPU.ActiveCfg = Debug|Any CPU
		{B07F1647-CD67-98BB-D6B5-AD32E89242A7}.Debug|Any CPU.Build.0 = Debug|Any CPU
		{B07F1647-CD67-98BB-D6B5-AD32E89242A7}.Release|Any CPU.ActiveCfg = Release|Any CPU
		{B07F1647-CD67-98BB-D6B5-AD32E89242A7}.Release|Any CPU.Build.0 = Release|Any CPU
		{69738C7A-24A7-AE17-2E9B-D3F96FFF44A1}.Debug|Any CPU.ActiveCfg = Debug|Any CPU
		{69738C7A-24A7-AE17-2E9B-D3F96FFF44A1}.Debug|Any CPU.Build.0 = Debug|Any CPU
		{69738C7A-24A7-AE17-2E9B-D3F96FFF44A1}.Release|Any CPU.ActiveCfg = Release|Any CPU
		{69738C7A-24A7-AE17-2E9B-D3F96FFF44A1}.Release|Any CPU.Build.0 = Release|Any CPU
		{8C11C069-B4BD-930C-09ED-933F35A17BEC}.Debug|Any CPU.ActiveCfg = Debug|Any CPU
		{8C11C069-B4BD-930C-09ED-933F35A17BEC}.Debug|Any CPU.Build.0 = Debug|Any CPU
		{8C11C069-B4BD-930C-09ED-933F35A17BEC}.Release|Any CPU.ActiveCfg = Release|Any CPU
		{8C11C069-B4BD-930C-09ED-933F35A17BEC}.Release|Any CPU.Build.0 = Release|Any CPU
	EndGlobalSection
	GlobalSection(SolutionProperties) = preSolution
		HideSolutionNode = FALSE
	EndGlobalSection
EndGlobal
